
Microsoft Visual Studio Solution File, Format Version 12.00
# Visual Studio Version 17
VisualStudioVersion = 17.0.31903.59
MinimumVisualStudioVersion = 10.0.40219.1
Project("{9A19103F-16F7-4668-BE54-9A1E7A4F7556}") = "AuthorizationServer", "AuthorizationServer\AuthorizationServer.csproj", "{12EBB79F-A608-4D79-9EAE-2378CE8CB159}"
EndProject
Project("{9A19103F-16F7-4668-BE54-9A1E7A4F7556}") = "ResourceService", "ResourceService\ResourceService.csproj", "{2934BB07-4324-47D9-8C67-ED60866CE799}"
EndProject
Project("{9A19103F-16F7-4668-BE54-9A1E7A4F7556}") = "Client", "Client\Client.csproj", "{58AFA81D-7214-43DB-A62A-B7E33FE0231A}"
EndProject
Global
	GlobalSection(SolutionConfigurationPlatforms) = preSolution
		Debug|Any CPU = Debug|Any CPU
		Release|Any CPU = Release|Any CPU
	EndGlobalSection
	GlobalSection(ProjectConfigurationPlatforms) = postSolution
		{12EBB79F-A608-4D79-9EAE-2378CE8CB159}.Debug|Any CPU.ActiveCfg = Debug|Any CPU
		{12EBB79F-A608-4D79-9EAE-2378CE8CB159}.Debug|Any CPU.Build.0 = Debug|Any CPU
		{12EBB79F-A608-4D79-9EAE-2378CE8CB159}.Release|Any CPU.ActiveCfg = Release|Any CPU
		{12EBB79F-A608-4D79-9EAE-2378CE8CB159}.Release|Any CPU.Build.0 = Release|Any CPU
		{2934BB07-4324-47D9-8C67-ED60866CE799}.Debug|Any CPU.ActiveCfg = Debug|Any CPU
		{2934BB07-4324-47D9-8C67-ED60866CE799}.Debug|Any CPU.Build.0 = Debug|Any CPU
		{2934BB07-4324-47D9-8C67-ED60866CE799}.Release|Any CPU.ActiveCfg = Release|Any CPU
		{2934BB07-4324-47D9-8C67-ED60866CE799}.Release|Any CPU.Build.0 = Release|Any CPU
		{58AFA81D-7214-43DB-A62A-B7E33FE0231A}.Debug|Any CPU.ActiveCfg = Debug|Any CPU
		{58AFA81D-7214-43DB-A62A-B7E33FE0231A}.Debug|Any CPU.Build.0 = Debug|Any CPU
		{58AFA81D-7214-43DB-A62A-B7E33FE0231A}.Release|Any CPU.ActiveCfg = Release|Any CPU
		{58AFA81D-7214-43DB-A62A-B7E33FE0231A}.Release|Any CPU.Build.0 = Release|Any CPU
	EndGlobalSection
	GlobalSection(SolutionProperties) = preSolution
		HideSolutionNode = FALSE
	EndGlobalSection
	GlobalSection(ExtensibilityGlobals) = postSolution
		SolutionGuid = {148B79B3-D34E-48DA-B4BC-897EA5BC2479}
	EndGlobalSection
EndGlobal
